
Microsoft Visual Studio Solution File, Format Version 12.00
Project("{FAE04EC0-301F-11D3-BF4B-00C04F79EFBC}") = "ConsoleApp6", "ConsoleApp6\ConsoleApp6.csproj", "{8454031E-8F0C-4825-B145-DD97367A2E9A}"
EndProject
Global
	GlobalSection(SolutionConfigurationPlatforms) = preSolution
		Debug|Any CPU = Debug|Any CPU
		Release|Any CPU = Release|Any CPU
	EndGlobalSection
	GlobalSection(ProjectConfigurationPlatforms) = postSolution
		{8454031E-8F0C-4825-B145-DD97367A2E9A}.Debug|Any CPU.ActiveCfg = Debug|Any CPU
		{8454031E-8F0C-4825-B145-DD97367A2E9A}.Debug|Any CPU.Build.0 = Debug|Any CPU
		{8454031E-8F0C-4825-B145-DD97367A2E9A}.Release|Any CPU.ActiveCfg = Release|Any CPU
		{8454031E-8F0C-4825-B145-DD97367A2E9A}.Release|Any CPU.Build.0 = Release|Any CPU
	EndGlobalSection
EndGlobal
